// !$*UTF8*$!
{
	archiveVersion = 1;
	classes = {
	};
	objectVersion = 46;
	objects = {

/* Begin PBXBuildFile section */
		4DBD874E1DD4215000D5C4F0 /* AppDelegate.swift in Sources */ = {isa = PBXBuildFile; fileRef = 4DBD874D1DD4215000D5C4F0 /* AppDelegate.swift */; };
		4DBD87501DD4215000D5C4F0 /* AppViewController.swift in Sources */ = {isa = PBXBuildFile; fileRef = 4DBD874F1DD4215000D5C4F0 /* AppViewController.swift */; };
		4DBD87551DD4215000D5C4F0 /* Assets.xcassets in Resources */ = {isa = PBXBuildFile; fileRef = 4DBD87541DD4215000D5C4F0 /* Assets.xcassets */; };
		4DBD87581DD4215000D5C4F0 /* LaunchScreen.storyboard in Resources */ = {isa = PBXBuildFile; fileRef = 4DBD87561DD4215000D5C4F0 /* LaunchScreen.storyboard */; };
		4DBD87611DD4244D00D5C4F0 /* Neutron.swift in Sources */ = {isa = PBXBuildFile; fileRef = 4DBD87601DD4244D00D5C4F0 /* Neutron.swift */; };
		4DBD87631DD4248800D5C4F0 /* Proton.swift in Sources */ = {isa = PBXBuildFile; fileRef = 4DBD87621DD4248800D5C4F0 /* Proton.swift */; };
		4DBD87651DD424BD00D5C4F0 /* Electron.swift in Sources */ = {isa = PBXBuildFile; fileRef = 4DBD87641DD424BD00D5C4F0 /* Electron.swift */; };
		4DBD87681DD4253200D5C4F0 /* Nucleon.swift in Sources */ = {isa = PBXBuildFile; fileRef = 4DBD87671DD4253200D5C4F0 /* Nucleon.swift */; };
		4DBD876A1DD425C600D5C4F0 /* SoundConfigurable.swift in Sources */ = {isa = PBXBuildFile; fileRef = 4DBD87691DD425C600D5C4F0 /* SoundConfigurable.swift */; };
		4DBD876C1DD425D500D5C4F0 /* ColorConfigurable.swift in Sources */ = {isa = PBXBuildFile; fileRef = 4DBD876B1DD425D500D5C4F0 /* ColorConfigurable.swift */; };
		4DBD876E1DD4303500D5C4F0 /* MIDINote.swift in Sources */ = {isa = PBXBuildFile; fileRef = 4DBD876D1DD4303500D5C4F0 /* MIDINote.swift */; };
		4DBD87711DD43D9F00D5C4F0 /* AtomyBuilderViewController.swift in Sources */ = {isa = PBXBuildFile; fileRef = 4DBD87701DD43D9F00D5C4F0 /* AtomyBuilderViewController.swift */; };
		4DBD87731DD43E0800D5C4F0 /* AtomyBuilderViewController.storyboard in Resources */ = {isa = PBXBuildFile; fileRef = 4DBD87721DD43E0800D5C4F0 /* AtomyBuilderViewController.storyboard */; };
		4DE4EE301DD9513E00D4BB17 /* MIDIPlayer.swift in Sources */ = {isa = PBXBuildFile; fileRef = 4DE4EE2F1DD9513D00D4BB17 /* MIDIPlayer.swift */; };
		4DE4EE321DD9665A00D4BB17 /* AppViewController.storyboard in Resources */ = {isa = PBXBuildFile; fileRef = 4DE4EE311DD9665A00D4BB17 /* AppViewController.storyboard */; };
		4DE4EE361DD96E5C00D4BB17 /* GeneralUser GS MuseScore v1.442.sf2 in Resources */ = {isa = PBXBuildFile; fileRef = 4DE4EE351DD96E5C00D4BB17 /* GeneralUser GS MuseScore v1.442.sf2 */; };
		82B5EDEB7E383C6354227903 /* Pods_Atomy.framework in Frameworks */ = {isa = PBXBuildFile; fileRef = 8D23F23782EE36A12972D936 /* Pods_Atomy.framework */; };
/* End PBXBuildFile section */

/* Begin PBXFileReference section */
		381283264CB5DD8E8DF9AC64 /* Pods-Atomy.debug.xcconfig */ = {isa = PBXFileReference; includeInIndex = 1; lastKnownFileType = text.xcconfig; name = "Pods-Atomy.debug.xcconfig"; path = "Pods/Target Support Files/Pods-Atomy/Pods-Atomy.debug.xcconfig"; sourceTree = "<group>"; };
		4DBD874A1DD4215000D5C4F0 /* Atomy.app */ = {isa = PBXFileReference; explicitFileType = wrapper.application; includeInIndex = 0; path = Atomy.app; sourceTree = BUILT_PRODUCTS_DIR; };
		4DBD874D1DD4215000D5C4F0 /* AppDelegate.swift */ = {isa = PBXFileReference; lastKnownFileType = sourcecode.swift; path = AppDelegate.swift; sourceTree = "<group>"; };
		4DBD874F1DD4215000D5C4F0 /* AppViewController.swift */ = {isa = PBXFileReference; lastKnownFileType = sourcecode.swift; path = AppViewController.swift; sourceTree = "<group>"; };
		4DBD87541DD4215000D5C4F0 /* Assets.xcassets */ = {isa = PBXFileReference; lastKnownFileType = folder.assetcatalog; path = Assets.xcassets; sourceTree = "<group>"; };
		4DBD87571DD4215000D5C4F0 /* Base */ = {isa = PBXFileReference; lastKnownFileType = file.storyboard; name = Base; path = Base.lproj/LaunchScreen.storyboard; sourceTree = "<group>"; };
		4DBD87591DD4215000D5C4F0 /* Info.plist */ = {isa = PBXFileReference; lastKnownFileType = text.plist.xml; path = Info.plist; sourceTree = "<group>"; };
		4DBD87601DD4244D00D5C4F0 /* Neutron.swift */ = {isa = PBXFileReference; fileEncoding = 4; lastKnownFileType = sourcecode.swift; path = Neutron.swift; sourceTree = "<group>"; };
		4DBD87621DD4248800D5C4F0 /* Proton.swift */ = {isa = PBXFileReference; fileEncoding = 4; lastKnownFileType = sourcecode.swift; path = Proton.swift; sourceTree = "<group>"; };
		4DBD87641DD424BD00D5C4F0 /* Electron.swift */ = {isa = PBXFileReference; fileEncoding = 4; lastKnownFileType = sourcecode.swift; path = Electron.swift; sourceTree = "<group>"; };
		4DBD87671DD4253200D5C4F0 /* Nucleon.swift */ = {isa = PBXFileReference; fileEncoding = 4; lastKnownFileType = sourcecode.swift; path = Nucleon.swift; sourceTree = "<group>"; };
		4DBD87691DD425C600D5C4F0 /* SoundConfigurable.swift */ = {isa = PBXFileReference; fileEncoding = 4; lastKnownFileType = sourcecode.swift; path = SoundConfigurable.swift; sourceTree = "<group>"; };
		4DBD876B1DD425D500D5C4F0 /* ColorConfigurable.swift */ = {isa = PBXFileReference; fileEncoding = 4; lastKnownFileType = sourcecode.swift; path = ColorConfigurable.swift; sourceTree = "<group>"; };
		4DBD876D1DD4303500D5C4F0 /* MIDINote.swift */ = {isa = PBXFileReference; fileEncoding = 4; lastKnownFileType = sourcecode.swift; path = MIDINote.swift; sourceTree = "<group>"; };
		4DBD87701DD43D9F00D5C4F0 /* AtomyBuilderViewController.swift */ = {isa = PBXFileReference; fileEncoding = 4; lastKnownFileType = sourcecode.swift; path = AtomyBuilderViewController.swift; sourceTree = "<group>"; };
		4DBD87721DD43E0800D5C4F0 /* AtomyBuilderViewController.storyboard */ = {isa = PBXFileReference; fileEncoding = 4; lastKnownFileType = file.storyboard; path = AtomyBuilderViewController.storyboard; sourceTree = "<group>"; };
		4DE4EE2F1DD9513D00D4BB17 /* MIDIPlayer.swift */ = {isa = PBXFileReference; fileEncoding = 4; lastKnownFileType = sourcecode.swift; path = MIDIPlayer.swift; sourceTree = "<group>"; };
		4DE4EE311DD9665A00D4BB17 /* AppViewController.storyboard */ = {isa = PBXFileReference; fileEncoding = 4; lastKnownFileType = file.storyboard; path = AppViewController.storyboard; sourceTree = "<group>"; };
		4DE4EE351DD96E5C00D4BB17 /* GeneralUser GS MuseScore v1.442.sf2 */ = {isa = PBXFileReference; lastKnownFileType = file; path = "GeneralUser GS MuseScore v1.442.sf2"; sourceTree = "<group>"; };
		8D23F23782EE36A12972D936 /* Pods_Atomy.framework */ = {isa = PBXFileReference; explicitFileType = wrapper.framework; includeInIndex = 0; path = Pods_Atomy.framework; sourceTree = BUILT_PRODUCTS_DIR; };
		BF90BDCBD1EB34FE6B783DB2 /* Pods-Atomy.release.xcconfig */ = {isa = PBXFileReference; includeInIndex = 1; lastKnownFileType = text.xcconfig; name = "Pods-Atomy.release.xcconfig"; path = "Pods/Target Support Files/Pods-Atomy/Pods-Atomy.release.xcconfig"; sourceTree = "<group>"; };
/* End PBXFileReference section */

/* Begin PBXFrameworksBuildPhase section */
		4DBD87471DD4215000D5C4F0 /* Frameworks */ = {
			isa = PBXFrameworksBuildPhase;
			buildActionMask = 2147483647;
			files = (
				82B5EDEB7E383C6354227903 /* Pods_Atomy.framework in Frameworks */,
			);
			runOnlyForDeploymentPostprocessing = 0;
		};
/* End PBXFrameworksBuildPhase section */

/* Begin PBXGroup section */
		1DBB5D0B54C4F36AE14E9A07 /* Frameworks */ = {
			isa = PBXGroup;
			children = (
				8D23F23782EE36A12972D936 /* Pods_Atomy.framework */,
			);
			name = Frameworks;
			sourceTree = "<group>";
		};
		1FD1819C40E8CEA42F550A92 /* Pods */ = {
			isa = PBXGroup;
			children = (
				381283264CB5DD8E8DF9AC64 /* Pods-Atomy.debug.xcconfig */,
				BF90BDCBD1EB34FE6B783DB2 /* Pods-Atomy.release.xcconfig */,
			);
			name = Pods;
			sourceTree = "<group>";
		};
		4DBD87411DD4215000D5C4F0 = {
			isa = PBXGroup;
			children = (
				4DBD874C1DD4215000D5C4F0 /* Atomy */,
				4DBD874B1DD4215000D5C4F0 /* Products */,
				1FD1819C40E8CEA42F550A92 /* Pods */,
				1DBB5D0B54C4F36AE14E9A07 /* Frameworks */,
			);
			sourceTree = "<group>";
		};
		4DBD874B1DD4215000D5C4F0 /* Products */ = {
			isa = PBXGroup;
			children = (
				4DBD874A1DD4215000D5C4F0 /* Atomy.app */,
			);
			name = Products;
			sourceTree = "<group>";
		};
		4DBD874C1DD4215000D5C4F0 /* Atomy */ = {
			isa = PBXGroup;
			children = (
				4DBD874D1DD4215000D5C4F0 /* AppDelegate.swift */,
				4DBD876F1DD43B4000D5C4F0 /* Controllers */,
				4DBD87661DD424ED00D5C4F0 /* Protocols */,
				4DBD875F1DD423BF00D5C4F0 /* Models */,
				4DE4EE2E1DD9506500D4BB17 /* Audio */,
				4DBD87541DD4215000D5C4F0 /* Assets.xcassets */,
				4DBD87561DD4215000D5C4F0 /* LaunchScreen.storyboard */,
				4DBD87591DD4215000D5C4F0 /* Info.plist */,
				4DE4EE351DD96E5C00D4BB17 /* GeneralUser GS MuseScore v1.442.sf2 */,
			);
			path = Atomy;
			sourceTree = "<group>";
		};
		4DBD875F1DD423BF00D5C4F0 /* Models */ = {
			isa = PBXGroup;
			children = (
				4DBD87641DD424BD00D5C4F0 /* Electron.swift */,
				4DBD87601DD4244D00D5C4F0 /* Neutron.swift */,
				4DBD87621DD4248800D5C4F0 /* Proton.swift */,
				4DBD876D1DD4303500D5C4F0 /* MIDINote.swift */,
			);
			path = Models;
			sourceTree = "<group>";
		};
		4DBD87661DD424ED00D5C4F0 /* Protocols */ = {
			isa = PBXGroup;
			children = (
				4DBD87671DD4253200D5C4F0 /* Nucleon.swift */,
				4DBD87691DD425C600D5C4F0 /* SoundConfigurable.swift */,
				4DBD876B1DD425D500D5C4F0 /* ColorConfigurable.swift */,
			);
			path = Protocols;
			sourceTree = "<group>";
		};
		4DBD876F1DD43B4000D5C4F0 /* Controllers */ = {
			isa = PBXGroup;
			children = (
				4DBD874F1DD4215000D5C4F0 /* AppViewController.swift */,
				4DE4EE311DD9665A00D4BB17 /* AppViewController.storyboard */,
				4DBD87701DD43D9F00D5C4F0 /* AtomyBuilderViewController.swift */,
				4DBD87721DD43E0800D5C4F0 /* AtomyBuilderViewController.storyboard */,
			);
			path = Controllers;
			sourceTree = "<group>";
		};
		4DE4EE2E1DD9506500D4BB17 /* Audio */ = {
			isa = PBXGroup;
			children = (
				4DE4EE2F1DD9513D00D4BB17 /* MIDIPlayer.swift */,
			);
			path = Audio;
			sourceTree = "<group>";
		};
/* End PBXGroup section */

/* Begin PBXNativeTarget section */
		4DBD87491DD4215000D5C4F0 /* Atomy */ = {
			isa = PBXNativeTarget;
			buildConfigurationList = 4DBD875C1DD4215000D5C4F0 /* Build configuration list for PBXNativeTarget "Atomy" */;
			buildPhases = (
				FA2271835A665CBBB9E67CC1 /* [CP] Check Pods Manifest.lock */,
				4DBD87461DD4215000D5C4F0 /* Sources */,
				4DBD87471DD4215000D5C4F0 /* Frameworks */,
				4DBD87481DD4215000D5C4F0 /* Resources */,
				30F7D491BB6EAB3C54F02BD9 /* [CP] Embed Pods Frameworks */,
				0C032F8F95FA41F068DCF018 /* [CP] Copy Pods Resources */,
			);
			buildRules = (
			);
			dependencies = (
			);
			name = Atomy;
			productName = Atomy;
			productReference = 4DBD874A1DD4215000D5C4F0 /* Atomy.app */;
			productType = "com.apple.product-type.application";
		};
/* End PBXNativeTarget section */

/* Begin PBXProject section */
		4DBD87421DD4215000D5C4F0 /* Project object */ = {
			isa = PBXProject;
			attributes = {
				LastSwiftUpdateCheck = 0810;
				LastUpgradeCheck = 0810;
				TargetAttributes = {
					4DBD87491DD4215000D5C4F0 = {
						CreatedOnToolsVersion = 8.1;
						DevelopmentTeam = HV3XT3P5XH;
						ProvisioningStyle = Automatic;
					};
				};
			};
			buildConfigurationList = 4DBD87451DD4215000D5C4F0 /* Build configuration list for PBXProject "Atomy" */;
			compatibilityVersion = "Xcode 3.2";
			developmentRegion = English;
			hasScannedForEncodings = 0;
			knownRegions = (
				en,
				Base,
			);
			mainGroup = 4DBD87411DD4215000D5C4F0;
			productRefGroup = 4DBD874B1DD4215000D5C4F0 /* Products */;
			projectDirPath = "";
			projectRoot = "";
			targets = (
				4DBD87491DD4215000D5C4F0 /* Atomy */,
			);
		};
/* End PBXProject section */

/* Begin PBXResourcesBuildPhase section */
		4DBD87481DD4215000D5C4F0 /* Resources */ = {
			isa = PBXResourcesBuildPhase;
			buildActionMask = 2147483647;
			files = (
				4DE4EE361DD96E5C00D4BB17 /* GeneralUser GS MuseScore v1.442.sf2 in Resources */,
				4DBD87731DD43E0800D5C4F0 /* AtomyBuilderViewController.storyboard in Resources */,
				4DBD87581DD4215000D5C4F0 /* LaunchScreen.storyboard in Resources */,
				4DBD87551DD4215000D5C4F0 /* Assets.xcassets in Resources */,
				4DE4EE321DD9665A00D4BB17 /* AppViewController.storyboard in Resources */,
			);
			runOnlyForDeploymentPostprocessing = 0;
		};
/* End PBXResourcesBuildPhase section */

/* Begin PBXShellScriptBuildPhase section */
		0C032F8F95FA41F068DCF018 /* [CP] Copy Pods Resources */ = {
			isa = PBXShellScriptBuildPhase;
			buildActionMask = 2147483647;
			files = (
			);
			inputPaths = (
			);
			name = "[CP] Copy Pods Resources";
			outputPaths = (
			);
			runOnlyForDeploymentPostprocessing = 0;
			shellPath = /bin/sh;
			shellScript = "\"${SRCROOT}/Pods/Target Support Files/Pods-Atomy/Pods-Atomy-resources.sh\"\n";
			showEnvVarsInLog = 0;
		};
		30F7D491BB6EAB3C54F02BD9 /* [CP] Embed Pods Frameworks */ = {
			isa = PBXShellScriptBuildPhase;
			buildActionMask = 2147483647;
			files = (
			);
			inputPaths = (
			);
			name = "[CP] Embed Pods Frameworks";
			outputPaths = (
			);
			runOnlyForDeploymentPostprocessing = 0;
			shellPath = /bin/sh;
			shellScript = "\"${SRCROOT}/Pods/Target Support Files/Pods-Atomy/Pods-Atomy-frameworks.sh\"\n";
			showEnvVarsInLog = 0;
		};
		FA2271835A665CBBB9E67CC1 /* [CP] Check Pods Manifest.lock */ = {
			isa = PBXShellScriptBuildPhase;
			buildActionMask = 2147483647;
			files = (
			);
			inputPaths = (
			);
			name = "[CP] Check Pods Manifest.lock";
			outputPaths = (
			);
			runOnlyForDeploymentPostprocessing = 0;
			shellPath = /bin/sh;
			shellScript = "diff \"${PODS_ROOT}/../Podfile.lock\" \"${PODS_ROOT}/Manifest.lock\" > /dev/null\nif [ $? != 0 ] ; then\n    # print error to STDERR\n    echo \"error: The sandbox is not in sync with the Podfile.lock. Run 'pod install' or update your CocoaPods installation.\" >&2\n    exit 1\nfi\n";
			showEnvVarsInLog = 0;
		};
/* End PBXShellScriptBuildPhase section */

/* Begin PBXSourcesBuildPhase section */
		4DBD87461DD4215000D5C4F0 /* Sources */ = {
			isa = PBXSourcesBuildPhase;
			buildActionMask = 2147483647;
			files = (
				4DBD87711DD43D9F00D5C4F0 /* AtomyBuilderViewController.swift in Sources */,
				4DBD87681DD4253200D5C4F0 /* Nucleon.swift in Sources */,
				4DBD87501DD4215000D5C4F0 /* AppViewController.swift in Sources */,
				4DBD876E1DD4303500D5C4F0 /* MIDINote.swift in Sources */,
				4DBD876C1DD425D500D5C4F0 /* ColorConfigurable.swift in Sources */,
				4DBD87631DD4248800D5C4F0 /* Proton.swift in Sources */,
				4DE4EE301DD9513E00D4BB17 /* MIDIPlayer.swift in Sources */,
				4DBD87651DD424BD00D5C4F0 /* Electron.swift in Sources */,
				4DBD874E1DD4215000D5C4F0 /* AppDelegate.swift in Sources */,
				4DBD87611DD4244D00D5C4F0 /* Neutron.swift in Sources */,
				4DBD876A1DD425C600D5C4F0 /* SoundConfigurable.swift in Sources */,
			);
			runOnlyForDeploymentPostprocessing = 0;
		};
/* End PBXSourcesBuildPhase section */

/* Begin PBXVariantGroup section */
		4DBD87561DD4215000D5C4F0 /* LaunchScreen.storyboard */ = {
			isa = PBXVariantGroup;
			children = (
				4DBD87571DD4215000D5C4F0 /* Base */,
			);
			name = LaunchScreen.storyboard;
			sourceTree = "<group>";
		};
/* End PBXVariantGroup section */

/* Begin XCBuildConfiguration section */
		4DBD875A1DD4215000D5C4F0 /* Debug */ = {
			isa = XCBuildConfiguration;
			buildSettings = {
				ALWAYS_SEARCH_USER_PATHS = NO;
				CLANG_ANALYZER_NONNULL = YES;
				CLANG_CXX_LANGUAGE_STANDARD = "gnu++0x";
				CLANG_CXX_LIBRARY = "libc++";
				CLANG_ENABLE_MODULES = YES;
				CLANG_ENABLE_OBJC_ARC = YES;
				CLANG_WARN_BOOL_CONVERSION = YES;
				CLANG_WARN_CONSTANT_CONVERSION = YES;
				CLANG_WARN_DIRECT_OBJC_ISA_USAGE = YES_ERROR;
				CLANG_WARN_DOCUMENTATION_COMMENTS = YES;
				CLANG_WARN_EMPTY_BODY = YES;
				CLANG_WARN_ENUM_CONVERSION = YES;
				CLANG_WARN_INFINITE_RECURSION = YES;
				CLANG_WARN_INT_CONVERSION = YES;
				CLANG_WARN_OBJC_ROOT_CLASS = YES_ERROR;
				CLANG_WARN_SUSPICIOUS_MOVES = YES;
				CLANG_WARN_UNREACHABLE_CODE = YES;
				CLANG_WARN__DUPLICATE_METHOD_MATCH = YES;
				"CODE_SIGN_IDENTITY[sdk=iphoneos*]" = "iPhone Developer";
				COPY_PHASE_STRIP = NO;
				DEBUG_INFORMATION_FORMAT = dwarf;
				ENABLE_STRICT_OBJC_MSGSEND = YES;
				ENABLE_TESTABILITY = YES;
				GCC_C_LANGUAGE_STANDARD = gnu99;
				GCC_DYNAMIC_NO_PIC = NO;
				GCC_NO_COMMON_BLOCKS = YES;
				GCC_OPTIMIZATION_LEVEL = 0;
				GCC_PREPROCESSOR_DEFINITIONS = (
					"DEBUG=1",
					"$(inherited)",
				);
				GCC_WARN_64_TO_32_BIT_CONVERSION = YES;
				GCC_WARN_ABOUT_RETURN_TYPE = YES_ERROR;
				GCC_WARN_UNDECLARED_SELECTOR = YES;
				GCC_WARN_UNINITIALIZED_AUTOS = YES_AGGRESSIVE;
				GCC_WARN_UNUSED_FUNCTION = YES;
				GCC_WARN_UNUSED_VARIABLE = YES;
				IPHONEOS_DEPLOYMENT_TARGET = 10.1;
				MTL_ENABLE_DEBUG_INFO = YES;
				ONLY_ACTIVE_ARCH = YES;
				SDKROOT = iphoneos;
				SWIFT_ACTIVE_COMPILATION_CONDITIONS = DEBUG;
				SWIFT_OPTIMIZATION_LEVEL = "-Onone";
			};
			name = Debug;
		};
		4DBD875B1DD4215000D5C4F0 /* Release */ = {
			isa = XCBuildConfiguration;
			buildSettings = {
				ALWAYS_SEARCH_USER_PATHS = NO;
				CLANG_ANALYZER_NONNULL = YES;
				CLANG_CXX_LANGUAGE_STANDARD = "gnu++0x";
				CLANG_CXX_LIBRARY = "libc++";
				CLANG_ENABLE_MODULES = YES;
				CLANG_ENABLE_OBJC_ARC = YES;
				CLANG_WARN_BOOL_CONVERSION = YES;
				CLANG_WARN_CONSTANT_CONVERSION = YES;
				CLANG_WARN_DIRECT_OBJC_ISA_USAGE = YES_ERROR;
				CLANG_WARN_DOCUMENTATION_COMMENTS = YES;
				CLANG_WARN_EMPTY_BODY = YES;
				CLANG_WARN_ENUM_CONVERSION = YES;
				CLANG_WARN_INFINITE_RECURSION = YES;
				CLANG_WARN_INT_CONVERSION = YES;
				CLANG_WARN_OBJC_ROOT_CLASS = YES_ERROR;
				CLANG_WARN_SUSPICIOUS_MOVES = YES;
				CLANG_WARN_UNREACHABLE_CODE = YES;
				CLANG_WARN__DUPLICATE_METHOD_MATCH = YES;
				"CODE_SIGN_IDENTITY[sdk=iphoneos*]" = "iPhone Developer";
				COPY_PHASE_STRIP = NO;
				DEBUG_INFORMATION_FORMAT = "dwarf-with-dsym";
				ENABLE_NS_ASSERTIONS = NO;
				ENABLE_STRICT_OBJC_MSGSEND = YES;
				GCC_C_LANGUAGE_STANDARD = gnu99;
				GCC_NO_COMMON_BLOCKS = YES;
				GCC_WARN_64_TO_32_BIT_CONVERSION = YES;
				GCC_WARN_ABOUT_RETURN_TYPE = YES_ERROR;
				GCC_WARN_UNDECLARED_SELECTOR = YES;
				GCC_WARN_UNINITIALIZED_AUTOS = YES_AGGRESSIVE;
				GCC_WARN_UNUSED_FUNCTION = YES;
				GCC_WARN_UNUSED_VARIABLE = YES;
				IPHONEOS_DEPLOYMENT_TARGET = 10.1;
				MTL_ENABLE_DEBUG_INFO = NO;
				SDKROOT = iphoneos;
				SWIFT_OPTIMIZATION_LEVEL = "-Owholemodule";
				VALIDATE_PRODUCT = YES;
			};
			name = Release;
		};
		4DBD875D1DD4215000D5C4F0 /* Debug */ = {
			isa = XCBuildConfiguration;
			baseConfigurationReference = 381283264CB5DD8E8DF9AC64 /* Pods-Atomy.debug.xcconfig */;
			buildSettings = {
				ASSETCATALOG_COMPILER_APPICON_NAME = AppIcon;
				DEVELOPMENT_TEAM = HV3XT3P5XH;
				INFOPLIST_FILE = Atomy/Info.plist;
				LD_RUNPATH_SEARCH_PATHS = "$(inherited) @executable_path/Frameworks";
				PRODUCT_BUNDLE_IDENTIFIER = com.markedwardmurray.Atomy;
				PRODUCT_NAME = "$(TARGET_NAME)";
				SWIFT_VERSION = 3.0;
			};
			name = Debug;
		};
		4DBD875E1DD4215000D5C4F0 /* Release */ = {
			isa = XCBuildConfiguration;
			baseConfigurationReference = BF90BDCBD1EB34FE6B783DB2 /* Pods-Atomy.release.xcconfig */;
			buildSettings = {
				ASSETCATALOG_COMPILER_APPICON_NAME = AppIcon;
				DEVELOPMENT_TEAM = HV3XT3P5XH;
				INFOPLIST_FILE = Atomy/Info.plist;
				LD_RUNPATH_SEARCH_PATHS = "$(inherited) @executable_path/Frameworks";
				PRODUCT_BUNDLE_IDENTIFIER = com.markedwardmurray.Atomy;
				PRODUCT_NAME = "$(TARGET_NAME)";
				SWIFT_VERSION = 3.0;
			};
			name = Release;
		};
/* End XCBuildConfiguration section */

/* Begin XCConfigurationList section */
		4DBD87451DD4215000D5C4F0 /* Build configuration list for PBXProject "Atomy" */ = {
			isa = XCConfigurationList;
			buildConfigurations = (
				4DBD875A1DD4215000D5C4F0 /* Debug */,
				4DBD875B1DD4215000D5C4F0 /* Release */,
			);
			defaultConfigurationIsVisible = 0;
			defaultConfigurationName = Release;
		};
		4DBD875C1DD4215000D5C4F0 /* Build configuration list for PBXNativeTarget "Atomy" */ = {
			isa = XCConfigurationList;
			buildConfigurations = (
				4DBD875D1DD4215000D5C4F0 /* Debug */,
				4DBD875E1DD4215000D5C4F0 /* Release */,
			);
			defaultConfigurationIsVisible = 0;
			defaultConfigurationName = Release;
		};
/* End XCConfigurationList section */
	};
	rootObject = 4DBD87421DD4215000D5C4F0 /* Project object */;
}
